
Microsoft Visual Studio Solution File, Format Version 12.00
# Visual Studio Version 16
VisualStudioVersion = 16.0.31702.278
MinimumVisualStudioVersion = 10.0.40219.1
Project("{8BC9CEB8-8B4A-11D0-8D11-00A0C91BC942}") = "Sprint1", "Projet_IAP\Projet_IAP.vcxproj", "{DEE0E56D-B393-4862-8CF9-3FC2F4A5EEDE}"
EndProject
Project("{8BC9CEB8-8B4A-11D0-8D11-00A0C91BC942}") = "Sprint2", "Sprint2\Sprint2.vcxproj", "{7A2DC36D-0318-46DC-B305-1944B67C86EF}"
EndProject
Project("{8BC9CEB8-8B4A-11D0-8D11-00A0C91BC942}") = "Sprint3", "Sprint3\Sprint3.vcxproj", "{D2C6494E-A977-470A-8F58-87ABCB8EF283}"
EndProject
Project("{8BC9CEB8-8B4A-11D0-8D11-00A0C91BC942}") = "Sprint4", "Sprint4\Sprint4.vcxproj", "{F11309DA-64D7-42A5-84E4-DAE0AAD0ED4A}"
EndProject
Project("{8BC9CEB8-8B4A-11D0-8D11-00A0C91BC942}") = "Sprint5", "Sprint5\Sprint5.vcxproj", "{27B45EED-CE3B-46F0-8B61-E4C3721C195F}"
EndProject
Global
	GlobalSection(SolutionConfigurationPlatforms) = preSolution
		Debug|x64 = Debug|x64
		Debug|x86 = Debug|x86
		Release|x64 = Release|x64
		Release|x86 = Release|x86
	EndGlobalSection
	GlobalSection(ProjectConfigurationPlatforms) = postSolution
		{DEE0E56D-B393-4862-8CF9-3FC2F4A5EEDE}.Debug|x64.ActiveCfg = Debug|x64
		{DEE0E56D-B393-4862-8CF9-3FC2F4A5EEDE}.Debug|x64.Build.0 = Debug|x64
		{DEE0E56D-B393-4862-8CF9-3FC2F4A5EEDE}.Debug|x86.ActiveCfg = Debug|Win32
		{DEE0E56D-B393-4862-8CF9-3FC2F4A5EEDE}.Debug|x86.Build.0 = Debug|Win32
		{DEE0E56D-B393-4862-8CF9-3FC2F4A5EEDE}.Release|x64.ActiveCfg = Release|x64
		{DEE0E56D-B393-4862-8CF9-3FC2F4A5EEDE}.Release|x64.Build.0 = Release|x64
		{DEE0E56D-B393-4862-8CF9-3FC2F4A5EEDE}.Release|x86.ActiveCfg = Release|Win32
		{DEE0E56D-B393-4862-8CF9-3FC2F4A5EEDE}.Release|x86.Build.0 = Release|Win32
		{7A2DC36D-0318-46DC-B305-1944B67C86EF}.Debug|x64.ActiveCfg = Debug|x64
		{7A2DC36D-0318-46DC-B305-1944B67C86EF}.Debug|x64.Build.0 = Debug|x64
		{7A2DC36D-0318-46DC-B305-1944B67C86EF}.Debug|x86.ActiveCfg = Debug|Win32
		{7A2DC36D-0318-46DC-B305-1944B67C86EF}.Debug|x86.Build.0 = Debug|Win32
		{7A2DC36D-0318-46DC-B305-1944B67C86EF}.Release|x64.ActiveCfg = Release|x64
		{7A2DC36D-0318-46DC-B305-1944B67C86EF}.Release|x64.Build.0 = Release|x64
		{7A2DC36D-0318-46DC-B305-1944B67C86EF}.Release|x86.ActiveCfg = Release|Win32
		{7A2DC36D-0318-46DC-B305-1944B67C86EF}.Release|x86.Build.0 = Release|Win32
		{D2C6494E-A977-470A-8F58-87ABCB8EF283}.Debug|x64.ActiveCfg = Debug|x64
		{D2C6494E-A977-470A-8F58-87ABCB8EF283}.Debug|x64.Build.0 = Debug|x64
		{D2C6494E-A977-470A-8F58-87ABCB8EF283}.Debug|x86.ActiveCfg = Debug|Win32
		{D2C6494E-A977-470A-8F58-87ABCB8EF283}.Debug|x86.Build.0 = Debug|Win32
		{D2C6494E-A977-470A-8F58-87ABCB8EF283}.Release|x64.ActiveCfg = Release|x64
		{D2C6494E-A977-470A-8F58-87ABCB8EF283}.Release|x64.Build.0 = Release|x64
		{D2C6494E-A977-470A-8F58-87ABCB8EF283}.Release|x86.ActiveCfg = Release|Win32
		{D2C6494E-A977-470A-8F58-87ABCB8EF283}.Release|x86.Build.0 = Release|Win32
		{F11309DA-64D7-42A5-84E4-DAE0AAD0ED4A}.Debug|x64.ActiveCfg = Debug|x64
		{F11309DA-64D7-42A5-84E4-DAE0AAD0ED4A}.Debug|x64.Build.0 = Debug|x64
		{F11309DA-64D7-42A5-84E4-DAE0AAD0ED4A}.Debug|x86.ActiveCfg = Debug|Win32
		{F11309DA-64D7-42A5-84E4-DAE0AAD0ED4A}.Debug|x86.Build.0 = Debug|Win32
		{F11309DA-64D7-42A5-84E4-DAE0AAD0ED4A}.Release|x64.ActiveCfg = Release|x64
		{F11309DA-64D7-42A5-84E4-DAE0AAD0ED4A}.Release|x64.Build.0 = Release|x64
		{F11309DA-64D7-42A5-84E4-DAE0AAD0ED4A}.Release|x86.ActiveCfg = Release|Win32
		{F11309DA-64D7-42A5-84E4-DAE0AAD0ED4A}.Release|x86.Build.0 = Release|Win32
		{27B45EED-CE3B-46F0-8B61-E4C3721C195F}.Debug|x64.ActiveCfg = Debug|x64
		{27B45EED-CE3B-46F0-8B61-E4C3721C195F}.Debug|x64.Build.0 = Debug|x64
		{27B45EED-CE3B-46F0-8B61-E4C3721C195F}.Debug|x86.ActiveCfg = Debug|Win32
		{27B45EED-CE3B-46F0-8B61-E4C3721C195F}.Debug|x86.Build.0 = Debug|Win32
		{27B45EED-CE3B-46F0-8B61-E4C3721C195F}.Release|x64.ActiveCfg = Release|x64
		{27B45EED-CE3B-46F0-8B61-E4C3721C195F}.Release|x64.Build.0 = Release|x64
		{27B45EED-CE3B-46F0-8B61-E4C3721C195F}.Release|x86.ActiveCfg = Release|Win32
		{27B45EED-CE3B-46F0-8B61-E4C3721C195F}.Release|x86.Build.0 = Release|Win32
	EndGlobalSection
	GlobalSection(SolutionProperties) = preSolution
		HideSolutionNode = FALSE
	EndGlobalSection
	GlobalSection(ExtensibilityGlobals) = postSolution
		SolutionGuid = {1C95EA09-3FF9-461B-AA56-FD59BD6EA7C5}
	EndGlobalSection
EndGlobal
